# This file is automatically @generated by Cargo.
# It is not intended for manual editing.
version = 3

[[package]]
name = "maai-core"
version = "0.0.31"
source = "registry+https://github.com/rust-lang/crates.io-index"
checksum = "3070c3a7e9da438912605ec7ad65a445405bbb2f129ad8983a409765ab0c91b9"

[[package]]
name = "maai-img"
version = "0.1.0"
dependencies = [
 "maai-core",
]
